# This file is autogenerated, do not edit; changes may be undone by the next 'dep ensure'.


[[projects]]
  branch = "master"
  digest = "1:94e9caf404409a2990cfd22aca37d758494c098eff3e2c37fda1abed862e74dd"
  name = "bazil.org/fuse"
  packages = [
    ".",
    "fs",
    "fuseutil",
  ]
  pruneopts = "UT"
  revision = "65cc252bf6691cb3c7014bcb2c8dc29de91e3a7e"

[[projects]]
  digest = "1:5c3894b2aa4d6bead0ceeea6831b305d62879c871780e7b76296ded1b004bc57"
  name = "cloud.google.com/go"
  packages = ["compute/metadata"]
  pruneopts = "UT"
  revision = "aad3f485ee528456e0768f20397b4d9dd941e755"
  version = "v0.25.0"

[[projects]]
  digest = "1:46ea9487304f4b3c787f54483ecb13a338d686dcd670db0ab1a112ed0ae2128e"
  name = "github.com/Azure/azure-sdk-for-go"
  packages = [
    "storage",
    "version",
  ]
  pruneopts = "UT"
  revision = "4e8cbbfb1aeab140cd0fa97fd16b64ee18c3ca6a"
  version = "v19.1.0"

[[projects]]
  digest = "1:27d0cd1a78fc836f7c0f07749d029a5f7895c84ad066187b08b70e9d1830098e"
  name = "github.com/Azure/go-autorest"
  packages = [
    "autorest",
    "autorest/adal",
    "autorest/azure",
    "autorest/date",
    "logger",
    "version",
  ]
  pruneopts = "UT"
  revision = "dd94e014aaf16d1df746762e392aa201c1b4c461"
  version = "v10.15.0"

[[projects]]
  digest = "1:2209584c0f7c9b68c23374e659357ab546e1b70eec2761f03280f69a8fd23d77"
  name = "github.com/cenkalti/backoff"
  packages = ["."]
  pruneopts = "UT"
  revision = "2ea60e5f094469f9e65adb9cd103795b73ae743e"
  version = "v2.0.0"

[[projects]]
  digest = "1:7cb4fdca4c251b3ef8027c90ea35f70c7b661a593b9eeae34753c65499098bb1"
  name = "github.com/cpuguy83/go-md2man"
  packages = ["md2man"]
  pruneopts = "UT"
  revision = "20f5889cbdc3c73dbd2862796665e7c465ade7d1"
  version = "v1.0.8"

[[projects]]
  digest = "1:76dc72490af7174349349838f2fe118996381b31ea83243812a97e5a0fd5ed55"
  name = "github.com/dgrijalva/jwt-go"
  packages = ["."]
  pruneopts = "UT"
  revision = "06ea1031745cb8b3dab3f6a236daf2b0aa468b7e"
  version = "v3.2.0"

[[projects]]
  branch = "master"
  digest = "1:6f9339c912bbdda81302633ad7e99a28dfa5a639c864061f1929510a9a64aa74"
  name = "github.com/dustin/go-humanize"
  packages = ["."]
  pruneopts = "UT"
  revision = "9f541cc9db5d55bce703bd99987c9d5cb8eea45e"

[[projects]]
  digest = "1:c7edfbb6320d6a93240d663dc52bca92bed4c116abe54c35679eec4e7cc2bd77"
  name = "github.com/elithrar/simple-scrypt"
  packages = ["."]
  pruneopts = "UT"
  revision = "d150773194090feb6c897805a7bcea8d49544e2c"
  version = "v1.3.0"

[[projects]]
  digest = "1:fe8a03a8222d5b913f256972933d26d24ad7c8286692a42943bc01633cc8fce3"
  name = "github.com/go-ini/ini"
  packages = ["."]
  pruneopts = "UT"
  revision = "358ee7663966325963d4e8b2e1fbd570c5195153"
  version = "v1.38.1"

[[projects]]
  digest = "1:15042ad3498153684d09f393bbaec6b216c8eec6d61f63dff711de7d64ed8861"
  name = "github.com/golang/protobuf"
  packages = ["proto"]
  pruneopts = "UT"
  revision = "b4deda0973fb4c70b50d226b1af49f3da59f5265"
  version = "v1.1.0"

[[projects]]
  digest = "1:2e3c336fc7fde5c984d2841455a658a6d626450b1754a854b3b32e7a8f49a07a"
  name = "github.com/google/go-cmp"
  packages = [
    "cmp",
    "cmp/internal/diff",
    "cmp/internal/function",
    "cmp/internal/value",
  ]
  pruneopts = "UT"
  revision = "3af367b6b30c263d47e8895973edcca9a49cf029"
  version = "v0.2.0"

[[projects]]
  digest = "1:870d441fe217b8e689d7949fef6e43efbc787e50f200cb1e70dbca9204a1d6be"
  name = "github.com/inconshreveable/mousetrap"
  packages = ["."]
  pruneopts = "UT"
  revision = "76626ae9c91c4f2a10f34cad8ce83ea42c93bb75"
  version = "v1.0"

[[projects]]
  digest = "1:190ff84d9b2ed6589088f178cba8edb4b8ecb334df4572421fb016be1ac20463"
  name = "github.com/juju/ratelimit"
  packages = ["."]
  pruneopts = "UT"
  revision = "59fac5042749a5afb9af70e813da1dd5474f0167"
  version = "1.0.1"

[[projects]]
  digest = "1:9cedee824c21326bd26950bd9e1ffe9dc4e7ca03dc8634d0e6f954ee6a383172"
  name = "github.com/kr/fs"
  packages = ["."]
  pruneopts = "UT"
  revision = "1455def202f6e05b95cc7bfc7e8ae67ae5141eba"
  version = "v0.1.0"

[[projects]]
  digest = "1:1faa76bd9bffce9c25eaca0597afb67bd05a21ae57fe4378154ce8855ef163d1"
  name = "github.com/kurin/blazer"
  packages = [
    "b2",
    "base",
    "internal/b2assets",
    "internal/b2types",
    "internal/blog",
    "x/window",
  ]
  pruneopts = "UT"
  revision = "caf65aa76491dc533bac68ad3243ce72fa4e0a0a"
  version = "v0.5.1"

[[projects]]
  digest = "1:4e878df5f4e9fd625bf9c9aac77ef7cbfa4a74c01265505527c23470c0e40300"
  name = "github.com/marstr/guid"
  packages = ["."]
  pruneopts = "UT"
  revision = "8bd9a64bf37eb297b492a4101fb28e80ac0b290f"
  version = "v1.1.0"

[[projects]]
  digest = "1:d4d17353dbd05cb52a2a52b7fe1771883b682806f68db442b436294926bbfafb"
  name = "github.com/mattn/go-isatty"
  packages = ["."]
  pruneopts = "UT"
  revision = "0360b2af4f38e8d38c7fce2a9f4e702702d73a39"
  version = "v0.0.3"

[[projects]]
  digest = "1:95c73c666919be2843b955eafc83f58c136312b74f79c703152f4c4a95fd64dc"
  name = "github.com/minio/minio-go"
  packages = [
    ".",
    "pkg/credentials",
    "pkg/encrypt",
    "pkg/s3signer",
    "pkg/s3utils",
    "pkg/set",
  ]
  pruneopts = "UT"
  revision = "70799fe8dae6ecfb6c7d7e9e048fce27f23a1992"
  version = "v6.0.5"

[[projects]]
  branch = "master"
  digest = "1:8eb17c2ec4df79193ae65b621cd1c0c4697db3bc317fe6afdc76d7f2746abd05"
  name = "github.com/mitchellh/go-homedir"
  packages = ["."]
  pruneopts = "UT"
  revision = "3864e76763d94a6df2f9960b16a20a33da9f9a66"

[[projects]]
  digest = "1:928de5172dd3563964d1b88a4ee3775cf72e16f1efabb482ab6d0e0bab86ee69"
  name = "github.com/ncw/swift"
  packages = ["."]
  pruneopts = "UT"
  revision = "b2a7479cf26fa841ff90dd932d0221cb5c50782d"
  version = "v1.0.39"

[[projects]]
  digest = "1:40e195917a951a8bf867cd05de2a46aaf1806c50cf92eebf4c16f78cd196f747"
  name = "github.com/pkg/errors"
  packages = ["."]
  pruneopts = "UT"
  revision = "645ef00459ed84a119197bfb8d8205042c6df63d"
  version = "v0.8.0"

[[projects]]
  digest = "1:cfa0d7741863a0e1d30e0ccdd4b48a96a471cdb47892303de8b92c3713af3e77"
  name = "github.com/pkg/profile"
  packages = ["."]
  pruneopts = "UT"
  revision = "5b67d428864e92711fcbd2f8629456121a56d91f"
  version = "v1.2.1"

[[projects]]
  digest = "1:23ed92ba5d90a2dfe817f3895027ccef796e79c30be5125d48e17afdcc395d73"
  name = "github.com/pkg/sftp"
  packages = ["."]
  pruneopts = "UT"
  revision = "57673e38ea946592a59c26592b7e6fbda646975b"
  version = "v1.8.0"

[[projects]]
  digest = "1:0d67664e93e366f072ac9672feea29bfc63c9f90f005e9e8a0df1954153f5a14"
  name = "github.com/pkg/xattr"
  packages = ["."]
  pruneopts = "UT"
  revision = "ae385d07bb53f092fcc7daaf738d8513df084931"
  version = "v0.3.1"

[[projects]]
  digest = "1:13ecc4000f49cf0aa3ee56fffcc93119c8edffacfff08674c80d2757d8c33a83"
  name = "github.com/restic/chunker"
  packages = ["."]
  pruneopts = "UT"
  revision = "db83917be3b88cc307464b7d8a221c173e34a0db"
  version = "v0.2.0"

[[projects]]
  digest = "1:8bc629776d035c003c7814d4369521afe67fdb8efc4b5f66540d29343b98cf23"
  name = "github.com/russross/blackfriday"
  packages = ["."]
  pruneopts = "UT"
  revision = "55d61fa8aa702f59229e6cff85793c22e580eaf5"
  version = "v1.5.1"

[[projects]]
  digest = "1:274f67cb6fed9588ea2521ecdac05a6d62a8c51c074c1fccc6a49a40ba80e925"
  name = "github.com/satori/go.uuid"
  packages = ["."]
  pruneopts = "UT"
  revision = "f58768cc1a7a7e77a3bd49e98cdd21419399b6a3"
  version = "v1.2.0"

[[projects]]
  digest = "1:d867dfa6751c8d7a435821ad3b736310c2ed68945d05b50fb9d23aee0540c8cc"
  name = "github.com/sirupsen/logrus"
  packages = ["."]
  pruneopts = "UT"
  revision = "3e01752db0189b9157070a0e1668a620f9a85da2"
  version = "v1.0.6"

[[projects]]
  digest = "1:e01b05ba901239c783dfe56450bcde607fc858908529868259c9a8765dc176d0"
  name = "github.com/spf13/cobra"
  packages = [
    ".",
    "doc",
  ]
  pruneopts = "UT"
  revision = "ef82de70bb3f60c65fb8eebacbb2d122ef517385"
  version = "v0.0.3"

[[projects]]
  digest = "1:9424f440bba8f7508b69414634aef3b2b3a877e522d8a4624692412805407bb7"
  name = "github.com/spf13/pflag"
  packages = ["."]
  pruneopts = "UT"
  revision = "583c0c0531f06d5278b7d917446061adc344b5cd"
  version = "v1.0.1"

[[projects]]
  branch = "master"
  digest = "1:6cd85da60627124f96cf2d1ced7ca729f7391bb4616e26f702b8c0b1a56b7a30"
  name = "golang.org/x/crypto"
  packages = [
    "argon2",
    "blake2b",
    "cast5",
    "curve25519",
    "ed25519",
    "ed25519/internal/edwards25519",
    "internal/chacha20",
    "internal/subtle",
    "openpgp",
    "openpgp/armor",
    "openpgp/elgamal",
    "openpgp/errors",
    "openpgp/packet",
    "openpgp/s2k",
    "pbkdf2",
    "poly1305",
    "scrypt",
    "ssh",
    "ssh/terminal",
  ]
  pruneopts = "UT"
  revision = "c126467f60eb25f8f27e5a981f32a87e3965053f"

[[projects]]
  branch = "master"
  digest = "1:8356aa7bdcb10a210b814b64ff76d61de7c36ac4cb6263de3af5e3e2e546956d"
  name = "golang.org/x/net"
  packages = [
    "context",
    "context/ctxhttp",
    "http/httpguts",
    "http2",
    "http2/hpack",
    "idna",
  ]
  pruneopts = "UT"
  revision = "32f9bdbd7df18e8641d215e7ea68be88b971feb0"

[[projects]]
  branch = "master"
  digest = "1:bea0314c10bd362ab623af4880d853b5bad3b63d0ab9945c47e461b8d04203ed"
  name = "golang.org/x/oauth2"
  packages = [
    ".",
    "google",
    "internal",
    "jws",
    "jwt",
  ]
  pruneopts = "UT"
  revision = "3d292e4d0cdc3a0113e6d207bb137145ef1de42f"

[[projects]]
  branch = "master"
  digest = "1:39ebcc2b11457b703ae9ee2e8cca0f68df21969c6102cb3b705f76cca0ea0239"
  name = "golang.org/x/sync"
  packages = ["errgroup"]
  pruneopts = "UT"
  revision = "1d60e4601c6fd243af51cc01ddf169918a5407ca"

[[projects]]
  branch = "master"
  digest = "1:a220a85c72a6cb7339c412cb2b117019a7fd94007cdfffb3b5b1d058227a2bf8"
  name = "golang.org/x/sys"
  packages = [
    "cpu",
    "unix",
    "windows",
  ]
  pruneopts = "UT"
  revision = "bd9dbc187b6e1dacfdd2722a87e83093c2d7bd6e"

[[projects]]
  digest = "1:e5a8511f063c38c51ab9ab80e718e9149f692652aeb4e393a8c020dd1bf38ca2"
  name = "golang.org/x/text"
  packages = [
    "collate",
    "collate/build",
    "encoding",
    "encoding/internal",
    "encoding/internal/identifier",
    "encoding/unicode",
    "internal/colltab",
    "internal/gen",
    "internal/tag",
    "internal/triegen",
    "internal/ucd",
    "internal/utf8internal",
    "language",
    "runes",
    "secure/bidirule",
    "transform",
    "unicode/bidi",
    "unicode/cldr",
    "unicode/norm",
    "unicode/rangetable",
  ]
  pruneopts = "UT"
  revision = "f21a4dfb5e38f5895301dc265a8def02365cc3d0"
  version = "v0.3.0"

[[projects]]
  branch = "master"
  digest = "1:fb983acae7bd9c3ed9aadc1b1241d9e559ed21dbf84c17a0dda663ca169ccd69"
  name = "google.golang.org/api"
  packages = [
    "gensupport",
    "googleapi",
    "googleapi/internal/uritemplates",
    "storage/v1",
  ]
  pruneopts = "UT"
  revision = "31ca0e01cd791f07750cb23fc99327721f753290"

[[projects]]
  digest = "1:c8907869850adaa8bd7631887948d0684f3787d0912f1c01ab72581a6c34432e"
  name = "google.golang.org/appengine"
  packages = [
    ".",
    "internal",
    "internal/app_identity",
    "internal/base",
    "internal/datastore",
    "internal/log",
    "internal/modules",
    "internal/remote_api",
    "internal/urlfetch",
    "urlfetch",
  ]
  pruneopts = "UT"
  revision = "b1f26356af11148e710935ed1ac8a7f5702c7612"
  version = "v1.1.0"

[[projects]]
  branch = "v2"
  digest = "1:5bb148b78468350091db2ffbb2370f35cc6dcd74d9378a31b1c7b86ff7528f08"
  name = "gopkg.in/tomb.v2"
  packages = ["."]
  pruneopts = "UT"
  revision = "d5d1b5820637886def9eef33e03a27a9f166942c"

[[projects]]
  digest = "1:342378ac4dcb378a5448dd723f0784ae519383532f5e70ade24132c4c8693202"
  name = "gopkg.in/yaml.v2"
  packages = ["."]
  pruneopts = "UT"
  revision = "5420a8b6744d3b0345ab293f6fcba19c978f1183"
  version = "v2.2.1"

[solve-meta]
  analyzer-name = "dep"
  analyzer-version = 1
  input-imports = [
    "bazil.org/fuse",
    "bazil.org/fuse/fs",
    "github.com/Azure/azure-sdk-for-go/storage",
    "github.com/cenkalti/backoff",
    "github.com/elithrar/simple-scrypt",
    "github.com/google/go-cmp/cmp",
    "github.com/juju/ratelimit",
    "github.com/kurin/blazer/b2",
    "github.com/mattn/go-isatty",
    "github.com/minio/minio-go",
    "github.com/minio/minio-go/pkg/credentials",
    "github.com/ncw/swift",
    "github.com/pkg/errors",
    "github.com/pkg/profile",
    "github.com/pkg/sftp",
    "github.com/pkg/xattr",
    "github.com/restic/chunker",
    "github.com/spf13/cobra",
    "github.com/spf13/cobra/doc",
    "github.com/spf13/pflag",
    "golang.org/x/crypto/openpgp",
    "golang.org/x/crypto/poly1305",
    "golang.org/x/crypto/scrypt",
    "golang.org/x/crypto/ssh/terminal",
    "golang.org/x/net/context",
    "golang.org/x/net/context/ctxhttp",
    "golang.org/x/net/http2",
    "golang.org/x/oauth2/google",
    "golang.org/x/sync/errgroup",
    "golang.org/x/sys/unix",
    "golang.org/x/text/encoding/unicode",
    "google.golang.org/api/googleapi",
    "google.golang.org/api/storage/v1",
    "gopkg.in/tomb.v2",
  ]
  solver-name = "gps-cdcl"
  solver-version = 1
